// !$*UTF8*$!
{
	archiveVersion = 1;
	classes = {
	};
	objectVersion = 52;
	objects = {

/* Begin PBXBuildFile section */
		332F766624AD293500A0D61C /* SearchField.swift in Sources */ = {isa = PBXBuildFile; fileRef = 332F766524AD293500A0D61C /* SearchField.swift */; };
		332F766724AD293500A0D61C /* SearchField.swift in Sources */ = {isa = PBXBuildFile; fileRef = 332F766524AD293500A0D61C /* SearchField.swift */; };
		332F766B24AD58C500A0D61C /* PipelinesListQuery.swift in Sources */ = {isa = PBXBuildFile; fileRef = 332F766A24AD58C500A0D61C /* PipelinesListQuery.swift */; };
		332F766C24AD58C500A0D61C /* PipelinesListQuery.swift in Sources */ = {isa = PBXBuildFile; fileRef = 332F766A24AD58C500A0D61C /* PipelinesListQuery.swift */; };
		334E246724A5875D00B30357 /* Application.swift in Sources */ = {isa = PBXBuildFile; fileRef = 334E245424A5875C00B30357 /* Application.swift */; };
		334E246824A5875D00B30357 /* Application.swift in Sources */ = {isa = PBXBuildFile; fileRef = 334E245424A5875C00B30357 /* Application.swift */; };
		334E246924A5875D00B30357 /* ContentView.swift in Sources */ = {isa = PBXBuildFile; fileRef = 334E245524A5875C00B30357 /* ContentView.swift */; };
		334E246A24A5875D00B30357 /* ContentView.swift in Sources */ = {isa = PBXBuildFile; fileRef = 334E245524A5875C00B30357 /* ContentView.swift */; };
		334E246B24A5875D00B30357 /* Assets.xcassets in Resources */ = {isa = PBXBuildFile; fileRef = 334E245624A5875D00B30357 /* Assets.xcassets */; };
		334E246C24A5875D00B30357 /* Assets.xcassets in Resources */ = {isa = PBXBuildFile; fileRef = 334E245624A5875D00B30357 /* Assets.xcassets */; };
		334E247724A587C100B30357 /* Buildkite in Frameworks */ = {isa = PBXBuildFile; productRef = 334E247624A587C100B30357 /* Buildkite */; };
		334E247A24A587CB00B30357 /* Buildkite in Frameworks */ = {isa = PBXBuildFile; productRef = 334E247924A587CB00B30357 /* Buildkite */; };
		334E247D24A5884200B30357 /* AppSidebarNavigation.swift in Sources */ = {isa = PBXBuildFile; fileRef = 334E247C24A5884200B30357 /* AppSidebarNavigation.swift */; };
		334E247E24A5884200B30357 /* AppSidebarNavigation.swift in Sources */ = {isa = PBXBuildFile; fileRef = 334E247C24A5884200B30357 /* AppSidebarNavigation.swift */; };
		334E248824A589DC00B30357 /* BuildkiteService.swift in Sources */ = {isa = PBXBuildFile; fileRef = 334E248724A589DC00B30357 /* BuildkiteService.swift */; };
		334E248924A589DC00B30357 /* BuildkiteService.swift in Sources */ = {isa = PBXBuildFile; fileRef = 334E248724A589DC00B30357 /* BuildkiteService.swift */; };
		334E248B24A58BE600B30357 /* AppTabNavigation.swift in Sources */ = {isa = PBXBuildFile; fileRef = 334E248A24A58BE600B30357 /* AppTabNavigation.swift */; };
		334E248C24A58BE600B30357 /* AppTabNavigation.swift in Sources */ = {isa = PBXBuildFile; fileRef = 334E248A24A58BE600B30357 /* AppTabNavigation.swift */; };
		334E248E24A58CFB00B30357 /* AgentsList.swift in Sources */ = {isa = PBXBuildFile; fileRef = 334E248D24A58CFB00B30357 /* AgentsList.swift */; };
		334E248F24A58CFB00B30357 /* AgentsList.swift in Sources */ = {isa = PBXBuildFile; fileRef = 334E248D24A58CFB00B30357 /* AgentsList.swift */; };
		334E249124A58D0500B30357 /* PipelinesList.swift in Sources */ = {isa = PBXBuildFile; fileRef = 334E249024A58D0500B30357 /* PipelinesList.swift */; };
		334E249224A58D0500B30357 /* PipelinesList.swift in Sources */ = {isa = PBXBuildFile; fileRef = 334E249024A58D0500B30357 /* PipelinesList.swift */; };
		334E249424A58D0F00B30357 /* TeamsList.swift in Sources */ = {isa = PBXBuildFile; fileRef = 334E249324A58D0F00B30357 /* TeamsList.swift */; };
		334E249524A58D0F00B30357 /* TeamsList.swift in Sources */ = {isa = PBXBuildFile; fileRef = 334E249324A58D0F00B30357 /* TeamsList.swift */; };
		334E249A24A58D4C00B30357 /* BuildState.swift in Sources */ = {isa = PBXBuildFile; fileRef = 334E249624A58D4C00B30357 /* BuildState.swift */; };
		334E249B24A58D4C00B30357 /* BuildState.swift in Sources */ = {isa = PBXBuildFile; fileRef = 334E249624A58D4C00B30357 /* BuildState.swift */; };
		334E249C24A58D4C00B30357 /* BuildkiteIcon.swift in Sources */ = {isa = PBXBuildFile; fileRef = 334E249724A58D4C00B30357 /* BuildkiteIcon.swift */; };
		334E249D24A58D4C00B30357 /* BuildkiteIcon.swift in Sources */ = {isa = PBXBuildFile; fileRef = 334E249724A58D4C00B30357 /* BuildkiteIcon.swift */; };
		334E24A024A58D4C00B30357 /* ConnectionState.swift in Sources */ = {isa = PBXBuildFile; fileRef = 334E249924A58D4C00B30357 /* ConnectionState.swift */; };
		334E24A124A58D4C00B30357 /* ConnectionState.swift in Sources */ = {isa = PBXBuildFile; fileRef = 334E249924A58D4C00B30357 /* ConnectionState.swift */; };
		334E24A624A5995900B30357 /* TeamRow.swift in Sources */ = {isa = PBXBuildFile; fileRef = 334E24A524A5995900B30357 /* TeamRow.swift */; };
		334E24A724A5995900B30357 /* TeamRow.swift in Sources */ = {isa = PBXBuildFile; fileRef = 334E24A524A5995900B30357 /* TeamRow.swift */; };
		334E24AB24A59B8400B30357 /* PreviewData.swift in Sources */ = {isa = PBXBuildFile; fileRef = 334E24A924A59B8300B30357 /* PreviewData.swift */; };
		334E24AC24A59B8400B30357 /* PreviewData.swift in Sources */ = {isa = PBXBuildFile; fileRef = 334E24A924A59B8300B30357 /* PreviewData.swift */; };
		334E24B024A59C3A00B30357 /* Formatters.swift in Sources */ = {isa = PBXBuildFile; fileRef = 334E24AF24A59C3A00B30357 /* Formatters.swift */; };
		334E24B124A59C3A00B30357 /* Formatters.swift in Sources */ = {isa = PBXBuildFile; fileRef = 334E24AF24A59C3A00B30357 /* Formatters.swift */; };
		334E24B324A59C4D00B30357 /* TeamView.swift in Sources */ = {isa = PBXBuildFile; fileRef = 334E24B224A59C4D00B30357 /* TeamView.swift */; };
		334E24B424A59C4D00B30357 /* TeamView.swift in Sources */ = {isa = PBXBuildFile; fileRef = 334E24B224A59C4D00B30357 /* TeamView.swift */; };
		334E24B624A5A32700B30357 /* AgentRow.swift in Sources */ = {isa = PBXBuildFile; fileRef = 334E24B524A5A32700B30357 /* AgentRow.swift */; };
		334E24B724A5A32700B30357 /* AgentRow.swift in Sources */ = {isa = PBXBuildFile; fileRef = 334E24B524A5A32700B30357 /* AgentRow.swift */; };
		334E24B924A5A34300B30357 /* AgentView.swift in Sources */ = {isa = PBXBuildFile; fileRef = 334E24B824A5A34300B30357 /* AgentView.swift */; };
		334E24BA24A5A34300B30357 /* AgentView.swift in Sources */ = {isa = PBXBuildFile; fileRef = 334E24B824A5A34300B30357 /* AgentView.swift */; };
		334E24BE24A5A37D00B30357 /* Agent+Extensions.swift in Sources */ = {isa = PBXBuildFile; fileRef = 334E24BC24A5A37D00B30357 /* Agent+Extensions.swift */; };
		334E24BF24A5A37D00B30357 /* Agent+Extensions.swift in Sources */ = {isa = PBXBuildFile; fileRef = 334E24BC24A5A37D00B30357 /* Agent+Extensions.swift */; };
		334E24C324A5A5ED00B30357 /* Team+Extensions.swift in Sources */ = {isa = PBXBuildFile; fileRef = 334E24C224A5A5ED00B30357 /* Team+Extensions.swift */; };
		334E24C424A5A5ED00B30357 /* Team+Extensions.swift in Sources */ = {isa = PBXBuildFile; fileRef = 334E24C224A5A5ED00B30357 /* Team+Extensions.swift */; };
		334E24C724A6022800B30357 /* UsersList.swift in Sources */ = {isa = PBXBuildFile; fileRef = 334E24C624A6022800B30357 /* UsersList.swift */; };
		334E24C824A6022800B30357 /* UsersList.swift in Sources */ = {isa = PBXBuildFile; fileRef = 334E24C624A6022800B30357 /* UsersList.swift */; };
		334E24CA24A6023100B30357 /* UserView.swift in Sources */ = {isa = PBXBuildFile; fileRef = 334E24C924A6023100B30357 /* UserView.swift */; };
		334E24CB24A6023100B30357 /* UserView.swift in Sources */ = {isa = PBXBuildFile; fileRef = 334E24C924A6023100B30357 /* UserView.swift */; };
		334E24D624A602A300B30357 /* Team+Fragment.swift in Sources */ = {isa = PBXBuildFile; fileRef = 334E24CD24A602A300B30357 /* Team+Fragment.swift */; };
		334E24D724A602A300B30357 /* Team+Fragment.swift in Sources */ = {isa = PBXBuildFile; fileRef = 334E24CD24A602A300B30357 /* Team+Fragment.swift */; };
		334E24D824A602A300B30357 /* Organization+Fragment.swift in Sources */ = {isa = PBXBuildFile; fileRef = 334E24CE24A602A300B30357 /* Organization+Fragment.swift */; };
		334E24D924A602A300B30357 /* Organization+Fragment.swift in Sources */ = {isa = PBXBuildFile; fileRef = 334E24CE24A602A300B30357 /* Organization+Fragment.swift */; };
		334E24DA24A602A300B30357 /* TeamGetQuery.swift in Sources */ = {isa = PBXBuildFile; fileRef = 334E24D024A602A300B30357 /* TeamGetQuery.swift */; };
		334E24DB24A602A300B30357 /* TeamGetQuery.swift in Sources */ = {isa = PBXBuildFile; fileRef = 334E24D024A602A300B30357 /* TeamGetQuery.swift */; };
		334E24DC24A602A300B30357 /* UsersSearchQuery.swift in Sources */ = {isa = PBXBuildFile; fileRef = 334E24D124A602A300B30357 /* UsersSearchQuery.swift */; };
		334E24DD24A602A300B30357 /* UsersSearchQuery.swift in Sources */ = {isa = PBXBuildFile; fileRef = 334E24D124A602A300B30357 /* UsersSearchQuery.swift */; };
		334E24DE24A602A300B30357 /* TeamUpdateMemberMutation.swift in Sources */ = {isa = PBXBuildFile; fileRef = 334E24D224A602A300B30357 /* TeamUpdateMemberMutation.swift */; };
		334E24DF24A602A300B30357 /* TeamUpdateMemberMutation.swift in Sources */ = {isa = PBXBuildFile; fileRef = 334E24D224A602A300B30357 /* TeamUpdateMemberMutation.swift */; };
		334E24E024A602A300B30357 /* TeamDeleteMemberMutation.swift in Sources */ = {isa = PBXBuildFile; fileRef = 334E24D324A602A300B30357 /* TeamDeleteMemberMutation.swift */; };
		334E24E124A602A300B30357 /* TeamDeleteMemberMutation.swift in Sources */ = {isa = PBXBuildFile; fileRef = 334E24D324A602A300B30357 /* TeamDeleteMemberMutation.swift */; };
		334E24E224A602A300B30357 /* TeamCreateMemberMutation.swift in Sources */ = {isa = PBXBuildFile; fileRef = 334E24D424A602A300B30357 /* TeamCreateMemberMutation.swift */; };
		334E24E324A602A300B30357 /* TeamCreateMemberMutation.swift in Sources */ = {isa = PBXBuildFile; fileRef = 334E24D424A602A300B30357 /* TeamCreateMemberMutation.swift */; };
		334E24E424A602A300B30357 /* GraphQLQuery.swift in Sources */ = {isa = PBXBuildFile; fileRef = 334E24D524A602A300B30357 /* GraphQLQuery.swift */; };
		334E24E524A602A300B30357 /* GraphQLQuery.swift in Sources */ = {isa = PBXBuildFile; fileRef = 334E24D524A602A300B30357 /* GraphQLQuery.swift */; };
		338A57D324A7D7DF00F80306 /* PipelineRow.swift in Sources */ = {isa = PBXBuildFile; fileRef = 338A57D224A7D7DF00F80306 /* PipelineRow.swift */; };
		338A57D424A7D7DF00F80306 /* PipelineRow.swift in Sources */ = {isa = PBXBuildFile; fileRef = 338A57D224A7D7DF00F80306 /* PipelineRow.swift */; };
		339F000424AFBFB800E37FC9 /* Connection.swift in Sources */ = {isa = PBXBuildFile; fileRef = 339F000324AFBFB800E37FC9 /* Connection.swift */; };
		339F000524AFBFB800E37FC9 /* Connection.swift in Sources */ = {isa = PBXBuildFile; fileRef = 339F000324AFBFB800E37FC9 /* Connection.swift */; };
		339F000724AFBFE200E37FC9 /* HashableFromIdentifier.swift in Sources */ = {isa = PBXBuildFile; fileRef = 339F000624AFBFE200E37FC9 /* HashableFromIdentifier.swift */; };
		339F000824AFBFE200E37FC9 /* HashableFromIdentifier.swift in Sources */ = {isa = PBXBuildFile; fileRef = 339F000624AFBFE200E37FC9 /* HashableFromIdentifier.swift */; };
		339F000A24AFC01400E37FC9 /* Fragment.swift in Sources */ = {isa = PBXBuildFile; fileRef = 339F000924AFC01400E37FC9 /* Fragment.swift */; };
		339F000B24AFC01400E37FC9 /* Fragment.swift in Sources */ = {isa = PBXBuildFile; fileRef = 339F000924AFC01400E37FC9 /* Fragment.swift */; };
		339FFFF224AFBAD800E37FC9 /* NavigationItem.swift in Sources */ = {isa = PBXBuildFile; fileRef = 339FFFF124AFBAD800E37FC9 /* NavigationItem.swift */; };
		339FFFF324AFBAD800E37FC9 /* NavigationItem.swift in Sources */ = {isa = PBXBuildFile; fileRef = 339FFFF124AFBAD800E37FC9 /* NavigationItem.swift */; };
		339FFFF624AFBD8900E37FC9 /* SettingsList.swift in Sources */ = {isa = PBXBuildFile; fileRef = 339FFFF524AFBD8900E37FC9 /* SettingsList.swift */; };
		339FFFF724AFBD8900E37FC9 /* SettingsList.swift in Sources */ = {isa = PBXBuildFile; fileRef = 339FFFF524AFBD8900E37FC9 /* SettingsList.swift */; };
		339FFFF924AFBDA700E37FC9 /* ChangelogList.swift in Sources */ = {isa = PBXBuildFile; fileRef = 339FFFF824AFBDA700E37FC9 /* ChangelogList.swift */; };
		339FFFFA24AFBDA700E37FC9 /* ChangelogList.swift in Sources */ = {isa = PBXBuildFile; fileRef = 339FFFF824AFBDA700E37FC9 /* ChangelogList.swift */; };
		339FFFFC24AFBDB800E37FC9 /* ChangelogView.swift in Sources */ = {isa = PBXBuildFile; fileRef = 339FFFFB24AFBDB800E37FC9 /* ChangelogView.swift */; };
		339FFFFD24AFBDB800E37FC9 /* ChangelogView.swift in Sources */ = {isa = PBXBuildFile; fileRef = 339FFFFB24AFBDB800E37FC9 /* ChangelogView.swift */; };
		33A1E96824AF737D00C3491D /* WebView.swift in Sources */ = {isa = PBXBuildFile; fileRef = 33A1E96724AF737D00C3491D /* WebView.swift */; };
		33A1E96924AF737D00C3491D /* WebView.swift in Sources */ = {isa = PBXBuildFile; fileRef = 33A1E96724AF737D00C3491D /* WebView.swift */; };
		33AAA7E524AFD55E0034CB75 /* iOSTests.swift in Sources */ = {isa = PBXBuildFile; fileRef = 33AAA7E424AFD55E0034CB75 /* iOSTests.swift */; };
		33AAA7F324AFD5860034CB75 /* macOSTests.swift in Sources */ = {isa = PBXBuildFile; fileRef = 33AAA7F224AFD5860034CB75 /* macOSTests.swift */; };
		33AC4D5524AC074400508156 /* PipelineView.swift in Sources */ = {isa = PBXBuildFile; fileRef = 33AC4D5424AC074400508156 /* PipelineView.swift */; };
		33AC4D5624AC074400508156 /* PipelineView.swift in Sources */ = {isa = PBXBuildFile; fileRef = 33AC4D5424AC074400508156 /* PipelineView.swift */; };
		33AC4D5B24AC075800508156 /* BuildView.swift in Sources */ = {isa = PBXBuildFile; fileRef = 33AC4D5A24AC075800508156 /* BuildView.swift */; };
		33AC4D5C24AC075800508156 /* BuildView.swift in Sources */ = {isa = PBXBuildFile; fileRef = 33AC4D5A24AC075800508156 /* BuildView.swift */; };
		33AC4D5E24AC076500508156 /* JobView.swift in Sources */ = {isa = PBXBuildFile; fileRef = 33AC4D5D24AC076500508156 /* JobView.swift */; };
		33AC4D5F24AC076500508156 /* JobView.swift in Sources */ = {isa = PBXBuildFile; fileRef = 33AC4D5D24AC076500508156 /* JobView.swift */; };
		33AC4D6124AC086D00508156 /* env.swift in Sources */ = {isa = PBXBuildFile; fileRef = 33AC4D6024AC086D00508156 /* env.swift */; };
		33AC4D6224AC086D00508156 /* env.swift in Sources */ = {isa = PBXBuildFile; fileRef = 33AC4D6024AC086D00508156 /* env.swift */; };
		33AC4D7124AC16E900508156 /* Job+Extensions.swift in Sources */ = {isa = PBXBuildFile; fileRef = 33AC4D7024AC16E900508156 /* Job+Extensions.swift */; };
		33AC4D7224AC16E900508156 /* Job+Extensions.swift in Sources */ = {isa = PBXBuildFile; fileRef = 33AC4D7024AC16E900508156 /* Job+Extensions.swift */; };
		33F251C724A818D60049CB58 /* Emojis.swift in Sources */ = {isa = PBXBuildFile; fileRef = 33F251C624A818D60049CB58 /* Emojis.swift */; };
		33F251C824A818D60049CB58 /* Emojis.swift in Sources */ = {isa = PBXBuildFile; fileRef = 33F251C624A818D60049CB58 /* Emojis.swift */; };
		33F251CA24A833460049CB58 /* AsyncImage.swift in Sources */ = {isa = PBXBuildFile; fileRef = 33F251C924A833460049CB58 /* AsyncImage.swift */; };
		33F251CB24A833460049CB58 /* AsyncImage.swift in Sources */ = {isa = PBXBuildFile; fileRef = 33F251C924A833460049CB58 /* AsyncImage.swift */; };
		33F82FC524AE05E1006DF51C /* BuildGetQuery.swift in Sources */ = {isa = PBXBuildFile; fileRef = 33F82FC424AE05E1006DF51C /* BuildGetQuery.swift */; };
		33F82FC624AE05E1006DF51C /* BuildGetQuery.swift in Sources */ = {isa = PBXBuildFile; fileRef = 33F82FC424AE05E1006DF51C /* BuildGetQuery.swift */; };
/* End PBXBuildFile section */

/* Begin PBXContainerItemProxy section */
		33AAA7E724AFD55E0034CB75 /* PBXContainerItemProxy */ = {
			isa = PBXContainerItemProxy;
			containerPortal = 334E244F24A5875C00B30357 /* Project object */;
			proxyType = 1;
			remoteGlobalIDString = 334E245A24A5875D00B30357;
			remoteInfo = iOS;
		};
		33AAA7F524AFD5860034CB75 /* PBXContainerItemProxy */ = {
			isa = PBXContainerItemProxy;
			containerPortal = 334E244F24A5875C00B30357 /* Project object */;
			proxyType = 1;
			remoteGlobalIDString = 334E246224A5875D00B30357;
			remoteInfo = macOS;
		};
/* End PBXContainerItemProxy section */

/* Begin PBXFileReference section */
		332F766524AD293500A0D61C /* SearchField.swift */ = {isa = PBXFileReference; lastKnownFileType = sourcecode.swift; path = SearchField.swift; sourceTree = "<group>"; };
		332F766824AD513400A0D61C /* Packages.playground */ = {isa = PBXFileReference; lastKnownFileType = file.playground; path = Packages.playground; sourceTree = "<group>"; xcLanguageSpecificationIdentifier = xcode.lang.swift; };
		332F766A24AD58C500A0D61C /* PipelinesListQuery.swift */ = {isa = PBXFileReference; lastKnownFileType = sourcecode.swift; path = PipelinesListQuery.swift; sourceTree = "<group>"; };
		334E245424A5875C00B30357 /* Application.swift */ = {isa = PBXFileReference; lastKnownFileType = sourcecode.swift; path = Application.swift; sourceTree = "<group>"; };
		334E245524A5875C00B30357 /* ContentView.swift */ = {isa = PBXFileReference; lastKnownFileType = sourcecode.swift; path = ContentView.swift; sourceTree = "<group>"; };
		334E245624A5875D00B30357 /* Assets.xcassets */ = {isa = PBXFileReference; lastKnownFileType = folder.assetcatalog; path = Assets.xcassets; sourceTree = "<group>"; };
		334E245B24A5875D00B30357 /* BuildkiteApp.app */ = {isa = PBXFileReference; explicitFileType = wrapper.application; includeInIndex = 0; path = BuildkiteApp.app; sourceTree = BUILT_PRODUCTS_DIR; };
		334E245E24A5875D00B30357 /* Info.plist */ = {isa = PBXFileReference; lastKnownFileType = text.plist.xml; path = Info.plist; sourceTree = "<group>"; };
		334E246324A5875D00B30357 /* BuildkiteApp.app */ = {isa = PBXFileReference; explicitFileType = wrapper.application; includeInIndex = 0; path = BuildkiteApp.app; sourceTree = BUILT_PRODUCTS_DIR; };
		334E246524A5875D00B30357 /* Info.plist */ = {isa = PBXFileReference; lastKnownFileType = text.plist.xml; path = Info.plist; sourceTree = "<group>"; };
		334E246624A5875D00B30357 /* macOS.entitlements */ = {isa = PBXFileReference; lastKnownFileType = text.plist.entitlements; path = macOS.entitlements; sourceTree = "<group>"; };
		334E247C24A5884200B30357 /* AppSidebarNavigation.swift */ = {isa = PBXFileReference; lastKnownFileType = sourcecode.swift; path = AppSidebarNavigation.swift; sourceTree = "<group>"; };
		334E248724A589DC00B30357 /* BuildkiteService.swift */ = {isa = PBXFileReference; lastKnownFileType = sourcecode.swift; path = BuildkiteService.swift; sourceTree = "<group>"; };
		334E248A24A58BE600B30357 /* AppTabNavigation.swift */ = {isa = PBXFileReference; lastKnownFileType = sourcecode.swift; path = AppTabNavigation.swift; sourceTree = "<group>"; };
		334E248D24A58CFB00B30357 /* AgentsList.swift */ = {isa = PBXFileReference; lastKnownFileType = sourcecode.swift; path = AgentsList.swift; sourceTree = "<group>"; };
		334E249024A58D0500B30357 /* PipelinesList.swift */ = {isa = PBXFileReference; lastKnownFileType = sourcecode.swift; path = PipelinesList.swift; sourceTree = "<group>"; };
		334E249324A58D0F00B30357 /* TeamsList.swift */ = {isa = PBXFileReference; lastKnownFileType = sourcecode.swift; path = TeamsList.swift; sourceTree = "<group>"; };
		334E249624A58D4C00B30357 /* BuildState.swift */ = {isa = PBXFileReference; fileEncoding = 4; lastKnownFileType = sourcecode.swift; path = BuildState.swift; sourceTree = "<group>"; };
		334E249724A58D4C00B30357 /* BuildkiteIcon.swift */ = {isa = PBXFileReference; fileEncoding = 4; lastKnownFileType = sourcecode.swift; path = BuildkiteIcon.swift; sourceTree = "<group>"; };
		334E249924A58D4C00B30357 /* ConnectionState.swift */ = {isa = PBXFileReference; fileEncoding = 4; lastKnownFileType = sourcecode.swift; path = ConnectionState.swift; sourceTree = "<group>"; };
		334E24A524A5995900B30357 /* TeamRow.swift */ = {isa = PBXFileReference; lastKnownFileType = sourcecode.swift; path = TeamRow.swift; sourceTree = "<group>"; };
		334E24A924A59B8300B30357 /* PreviewData.swift */ = {isa = PBXFileReference; fileEncoding = 4; lastKnownFileType = sourcecode.swift; path = PreviewData.swift; sourceTree = "<group>"; };
		334E24AA24A59B8300B30357 /* Preview Assets.xcassets */ = {isa = PBXFileReference; lastKnownFileType = folder.assetcatalog; path = "Preview Assets.xcassets"; sourceTree = "<group>"; };
		334E24AF24A59C3A00B30357 /* Formatters.swift */ = {isa = PBXFileReference; fileEncoding = 4; lastKnownFileType = sourcecode.swift; path = Formatters.swift; sourceTree = "<group>"; };
		334E24B224A59C4D00B30357 /* TeamView.swift */ = {isa = PBXFileReference; lastKnownFileType = sourcecode.swift; path = TeamView.swift; sourceTree = "<group>"; };
		334E24B524A5A32700B30357 /* AgentRow.swift */ = {isa = PBXFileReference; lastKnownFileType = sourcecode.swift; path = AgentRow.swift; sourceTree = "<group>"; };
		334E24B824A5A34300B30357 /* AgentView.swift */ = {isa = PBXFileReference; lastKnownFileType = sourcecode.swift; path = AgentView.swift; sourceTree = "<group>"; };
		334E24BC24A5A37D00B30357 /* Agent+Extensions.swift */ = {isa = PBXFileReference; fileEncoding = 4; lastKnownFileType = sourcecode.swift; path = "Agent+Extensions.swift"; sourceTree = "<group>"; };
		334E24C224A5A5ED00B30357 /* Team+Extensions.swift */ = {isa = PBXFileReference; lastKnownFileType = sourcecode.swift; path = "Team+Extensions.swift"; sourceTree = "<group>"; };
		334E24C624A6022800B30357 /* UsersList.swift */ = {isa = PBXFileReference; lastKnownFileType = sourcecode.swift; path = UsersList.swift; sourceTree = "<group>"; };
		334E24C924A6023100B30357 /* UserView.swift */ = {isa = PBXFileReference; lastKnownFileType = sourcecode.swift; path = UserView.swift; sourceTree = "<group>"; };
		334E24CD24A602A300B30357 /* Team+Fragment.swift */ = {isa = PBXFileReference; fileEncoding = 4; lastKnownFileType = sourcecode.swift; path = "Team+Fragment.swift"; sourceTree = "<group>"; };
		334E24CE24A602A300B30357 /* Organization+Fragment.swift */ = {isa = PBXFileReference; fileEncoding = 4; lastKnownFileType = sourcecode.swift; path = "Organization+Fragment.swift"; sourceTree = "<group>"; };
		334E24D024A602A300B30357 /* TeamGetQuery.swift */ = {isa = PBXFileReference; fileEncoding = 4; lastKnownFileType = sourcecode.swift; path = TeamGetQuery.swift; sourceTree = "<group>"; };
		334E24D124A602A300B30357 /* UsersSearchQuery.swift */ = {isa = PBXFileReference; fileEncoding = 4; lastKnownFileType = sourcecode.swift; path = UsersSearchQuery.swift; sourceTree = "<group>"; };
		334E24D224A602A300B30357 /* TeamUpdateMemberMutation.swift */ = {isa = PBXFileReference; fileEncoding = 4; lastKnownFileType = sourcecode.swift; path = TeamUpdateMemberMutation.swift; sourceTree = "<group>"; };
		334E24D324A602A300B30357 /* TeamDeleteMemberMutation.swift */ = {isa = PBXFileReference; fileEncoding = 4; lastKnownFileType = sourcecode.swift; path = TeamDeleteMemberMutation.swift; sourceTree = "<group>"; };
		334E24D424A602A300B30357 /* TeamCreateMemberMutation.swift */ = {isa = PBXFileReference; fileEncoding = 4; lastKnownFileType = sourcecode.swift; path = TeamCreateMemberMutation.swift; sourceTree = "<group>"; };
		334E24D524A602A300B30357 /* GraphQLQuery.swift */ = {isa = PBXFileReference; fileEncoding = 4; lastKnownFileType = sourcecode.swift; path = GraphQLQuery.swift; sourceTree = "<group>"; };
		338A57D224A7D7DF00F80306 /* PipelineRow.swift */ = {isa = PBXFileReference; lastKnownFileType = sourcecode.swift; path = PipelineRow.swift; sourceTree = "<group>"; };
		339F000324AFBFB800E37FC9 /* Connection.swift */ = {isa = PBXFileReference; lastKnownFileType = sourcecode.swift; path = Connection.swift; sourceTree = "<group>"; };
		339F000624AFBFE200E37FC9 /* HashableFromIdentifier.swift */ = {isa = PBXFileReference; lastKnownFileType = sourcecode.swift; path = HashableFromIdentifier.swift; sourceTree = "<group>"; };
		339F000924AFC01400E37FC9 /* Fragment.swift */ = {isa = PBXFileReference; lastKnownFileType = sourcecode.swift; path = Fragment.swift; sourceTree = "<group>"; };
		339FFFF124AFBAD800E37FC9 /* NavigationItem.swift */ = {isa = PBXFileReference; lastKnownFileType = sourcecode.swift; path = NavigationItem.swift; sourceTree = "<group>"; };
		339FFFF524AFBD8900E37FC9 /* SettingsList.swift */ = {isa = PBXFileReference; lastKnownFileType = sourcecode.swift; path = SettingsList.swift; sourceTree = "<group>"; };
		339FFFF824AFBDA700E37FC9 /* ChangelogList.swift */ = {isa = PBXFileReference; lastKnownFileType = sourcecode.swift; path = ChangelogList.swift; sourceTree = "<group>"; };
		339FFFFB24AFBDB800E37FC9 /* ChangelogView.swift */ = {isa = PBXFileReference; lastKnownFileType = sourcecode.swift; path = ChangelogView.swift; sourceTree = "<group>"; };
		33A1E96724AF737D00C3491D /* WebView.swift */ = {isa = PBXFileReference; lastKnownFileType = sourcecode.swift; path = WebView.swift; sourceTree = "<group>"; };
		33AAA7E224AFD55E0034CB75 /* iOSTests.xctest */ = {isa = PBXFileReference; explicitFileType = wrapper.cfbundle; includeInIndex = 0; path = iOSTests.xctest; sourceTree = BUILT_PRODUCTS_DIR; };
		33AAA7E424AFD55E0034CB75 /* iOSTests.swift */ = {isa = PBXFileReference; lastKnownFileType = sourcecode.swift; path = iOSTests.swift; sourceTree = "<group>"; };
		33AAA7E624AFD55E0034CB75 /* Info.plist */ = {isa = PBXFileReference; lastKnownFileType = text.plist.xml; path = Info.plist; sourceTree = "<group>"; };
		33AAA7F024AFD5860034CB75 /* macOSTests.xctest */ = {isa = PBXFileReference; explicitFileType = wrapper.cfbundle; includeInIndex = 0; path = macOSTests.xctest; sourceTree = BUILT_PRODUCTS_DIR; };
		33AAA7F224AFD5860034CB75 /* macOSTests.swift */ = {isa = PBXFileReference; lastKnownFileType = sourcecode.swift; path = macOSTests.swift; sourceTree = "<group>"; };
		33AAA7F424AFD5860034CB75 /* Info.plist */ = {isa = PBXFileReference; lastKnownFileType = text.plist.xml; path = Info.plist; sourceTree = "<group>"; };
		33AC4D5424AC074400508156 /* PipelineView.swift */ = {isa = PBXFileReference; lastKnownFileType = sourcecode.swift; path = PipelineView.swift; sourceTree = "<group>"; };
		33AC4D5A24AC075800508156 /* BuildView.swift */ = {isa = PBXFileReference; lastKnownFileType = sourcecode.swift; path = BuildView.swift; sourceTree = "<group>"; };
		33AC4D5D24AC076500508156 /* JobView.swift */ = {isa = PBXFileReference; lastKnownFileType = sourcecode.swift; path = JobView.swift; sourceTree = "<group>"; };
		33AC4D6024AC086D00508156 /* env.swift */ = {isa = PBXFileReference; lastKnownFileType = sourcecode.swift; path = env.swift; sourceTree = "<group>"; };
		33AC4D7024AC16E900508156 /* Job+Extensions.swift */ = {isa = PBXFileReference; lastKnownFileType = sourcecode.swift; path = "Job+Extensions.swift"; sourceTree = "<group>"; };
		33C6EEE224AE56B900C57E1B /* macOS-Release.xcconfig */ = {isa = PBXFileReference; lastKnownFileType = text.xcconfig; path = "macOS-Release.xcconfig"; sourceTree = "<group>"; };
		33C6EEE324AE56B900C57E1B /* Project-Release.xcconfig */ = {isa = PBXFileReference; lastKnownFileType = text.xcconfig; path = "Project-Release.xcconfig"; sourceTree = "<group>"; };
		33C6EEE424AE56B900C57E1B /* iOS-Debug.xcconfig */ = {isa = PBXFileReference; lastKnownFileType = text.xcconfig; path = "iOS-Debug.xcconfig"; sourceTree = "<group>"; };
		33C6EEE524AE56B900C57E1B /* Project-Shared.xcconfig */ = {isa = PBXFileReference; lastKnownFileType = text.xcconfig; path = "Project-Shared.xcconfig"; sourceTree = "<group>"; };
		33C6EEE624AE56B900C57E1B /* macOS-Debug.xcconfig */ = {isa = PBXFileReference; lastKnownFileType = text.xcconfig; path = "macOS-Debug.xcconfig"; sourceTree = "<group>"; };
		33C6EEE724AE56B900C57E1B /* iOS-Release.xcconfig */ = {isa = PBXFileReference; lastKnownFileType = text.xcconfig; path = "iOS-Release.xcconfig"; sourceTree = "<group>"; };
		33C6EEE824AE56B900C57E1B /* iOS-Shared.xcconfig */ = {isa = PBXFileReference; lastKnownFileType = text.xcconfig; path = "iOS-Shared.xcconfig"; sourceTree = "<group>"; };
		33C6EEE924AE56B900C57E1B /* macOS-Shared.xcconfig */ = {isa = PBXFileReference; lastKnownFileType = text.xcconfig; path = "macOS-Shared.xcconfig"; sourceTree = "<group>"; };
		33C6EEEA24AE56B900C57E1B /* Project-Debug.xcconfig */ = {isa = PBXFileReference; lastKnownFileType = text.xcconfig; path = "Project-Debug.xcconfig"; sourceTree = "<group>"; };
		33E479D324AFD65B0083A7CA /* iOSTests-Shared.xcconfig */ = {isa = PBXFileReference; lastKnownFileType = text.xcconfig; path = "iOSTests-Shared.xcconfig"; sourceTree = "<group>"; };
		33E479D424AFD65B0083A7CA /* macOSTests-Debug.xcconfig */ = {isa = PBXFileReference; lastKnownFileType = text.xcconfig; path = "macOSTests-Debug.xcconfig"; sourceTree = "<group>"; };
		33E479D524AFD65B0083A7CA /* macOSTests-Shared.xcconfig */ = {isa = PBXFileReference; lastKnownFileType = text.xcconfig; path = "macOSTests-Shared.xcconfig"; sourceTree = "<group>"; };
		33E479D624AFD65B0083A7CA /* macOSTests-Release.xcconfig */ = {isa = PBXFileReference; lastKnownFileType = text.xcconfig; path = "macOSTests-Release.xcconfig"; sourceTree = "<group>"; };
		33E479D724AFD65B0083A7CA /* iOSTests-Release.xcconfig */ = {isa = PBXFileReference; lastKnownFileType = text.xcconfig; path = "iOSTests-Release.xcconfig"; sourceTree = "<group>"; };
		33E479D824AFD65B0083A7CA /* iOSTests-Debug.xcconfig */ = {isa = PBXFileReference; lastKnownFileType = text.xcconfig; path = "iOSTests-Debug.xcconfig"; sourceTree = "<group>"; };
		33F251C624A818D60049CB58 /* Emojis.swift */ = {isa = PBXFileReference; lastKnownFileType = sourcecode.swift; path = Emojis.swift; sourceTree = "<group>"; };
		33F251C924A833460049CB58 /* AsyncImage.swift */ = {isa = PBXFileReference; lastKnownFileType = sourcecode.swift; path = AsyncImage.swift; sourceTree = "<group>"; };
		33F82FC424AE05E1006DF51C /* BuildGetQuery.swift */ = {isa = PBXFileReference; lastKnownFileType = sourcecode.swift; path = BuildGetQuery.swift; sourceTree = "<group>"; };
/* End PBXFileReference section */

/* Begin PBXFrameworksBuildPhase section */
		334E245824A5875D00B30357 /* Frameworks */ = {
			isa = PBXFrameworksBuildPhase;
			buildActionMask = 2147483647;
			files = (
				334E247724A587C100B30357 /* Buildkite in Frameworks */,
			);
			runOnlyForDeploymentPostprocessing = 0;
		};
		334E246024A5875D00B30357 /* Frameworks */ = {
			isa = PBXFrameworksBuildPhase;
			buildActionMask = 2147483647;
			files = (
				334E247A24A587CB00B30357 /* Buildkite in Frameworks */,
			);
			runOnlyForDeploymentPostprocessing = 0;
		};
		33AAA7DF24AFD55E0034CB75 /* Frameworks */ = {
			isa = PBXFrameworksBuildPhase;
			buildActionMask = 2147483647;
			files = (
			);
			runOnlyForDeploymentPostprocessing = 0;
		};
		33AAA7ED24AFD5860034CB75 /* Frameworks */ = {
			isa = PBXFrameworksBuildPhase;
			buildActionMask = 2147483647;
			files = (
			);
			runOnlyForDeploymentPostprocessing = 0;
		};
/* End PBXFrameworksBuildPhase section */

/* Begin PBXGroup section */
		334E244E24A5875C00B30357 = {
			isa = PBXGroup;
			children = (
				334E245324A5875C00B30357 /* Shared */,
				334E245D24A5875D00B30357 /* iOS */,
				334E246424A5875D00B30357 /* macOS */,
				334E248624A5890300B30357 /* Playgrounds */,
				33C6EEE124AE56B900C57E1B /* xcconfigs */,
				33AAA7E324AFD55E0034CB75 /* iOSTests */,
				33AAA7F124AFD5860034CB75 /* macOSTests */,
				334E247824A587CB00B30357 /* Frameworks */,
				334E245C24A5875D00B30357 /* Products */,
			);
			sourceTree = "<group>";
		};
		334E245324A5875C00B30357 /* Shared */ = {
			isa = PBXGroup;
			children = (
				334E245424A5875C00B30357 /* Application.swift */,
				33AC4D6024AC086D00508156 /* env.swift */,
				334E245624A5875D00B30357 /* Assets.xcassets */,
				334E248024A5886200B30357 /* Agents */,
				334E248324A5887B00B30357 /* Components */,
				334E247F24A5884F00B30357 /* Model */,
				334E247B24A5881C00B30357 /* Navigation */,
				334E248224A5887600B30357 /* Pipelines */,
				334E24A824A59B8300B30357 /* Previews */,
				339FFFF424AFBD7E00E37FC9 /* Settings */,
				334E248424A5888200B30357 /* Styles */,
				334E248124A5887000B30357 /* Teams */,
				334E24C524A6021500B30357 /* Users */,
				334E248524A5888B00B30357 /* Widgets */,
			);
			name = Shared;
			path = Sources/Shared;
			sourceTree = SOURCE_ROOT;
		};
		334E245C24A5875D00B30357 /* Products */ = {
			isa = PBXGroup;
			children = (
				334E245B24A5875D00B30357 /* BuildkiteApp.app */,
				334E246324A5875D00B30357 /* BuildkiteApp.app */,
				33AAA7E224AFD55E0034CB75 /* iOSTests.xctest */,
				33AAA7F024AFD5860034CB75 /* macOSTests.xctest */,
			);
			name = Products;
			sourceTree = SOURCE_ROOT;
		};
		334E245D24A5875D00B30357 /* iOS */ = {
			isa = PBXGroup;
			children = (
				334E245E24A5875D00B30357 /* Info.plist */,
				334E248A24A58BE600B30357 /* AppTabNavigation.swift */,
			);
			name = iOS;
			path = Sources/iOS;
			sourceTree = SOURCE_ROOT;
		};
		334E246424A5875D00B30357 /* macOS */ = {
			isa = PBXGroup;
			children = (
				334E246524A5875D00B30357 /* Info.plist */,
				334E246624A5875D00B30357 /* macOS.entitlements */,
			);
			name = macOS;
			path = Sources/macOS;
			sourceTree = SOURCE_ROOT;
		};
		334E247824A587CB00B30357 /* Frameworks */ = {
			isa = PBXGroup;
			children = (
			);
			name = Frameworks;
			sourceTree = SOURCE_ROOT;
		};
		334E247B24A5881C00B30357 /* Navigation */ = {
			isa = PBXGroup;
			children = (
				334E247C24A5884200B30357 /* AppSidebarNavigation.swift */,
				334E245524A5875C00B30357 /* ContentView.swift */,
				339FFFF124AFBAD800E37FC9 /* NavigationItem.swift */,
			);
			path = Navigation;
			sourceTree = "<group>";
		};
		334E247F24A5884F00B30357 /* Model */ = {
			isa = PBXGroup;
			children = (
				339F000124AFBEC800E37FC9 /* GraphQL */,
				334E248724A589DC00B30357 /* BuildkiteService.swift */,
				334E24C224A5A5ED00B30357 /* Team+Extensions.swift */,
				334E24BC24A5A37D00B30357 /* Agent+Extensions.swift */,
				33AC4D7024AC16E900508156 /* Job+Extensions.swift */,
				334E24AF24A59C3A00B30357 /* Formatters.swift */,
				33F251C624A818D60049CB58 /* Emojis.swift */,
				339F000624AFBFE200E37FC9 /* HashableFromIdentifier.swift */,
			);
			path = Model;
			sourceTree = "<group>";
		};
		334E248024A5886200B30357 /* Agents */ = {
			isa = PBXGroup;
			children = (
				334E248D24A58CFB00B30357 /* AgentsList.swift */,
				334E24B524A5A32700B30357 /* AgentRow.swift */,
				334E24B824A5A34300B30357 /* AgentView.swift */,
			);
			path = Agents;
			sourceTree = "<group>";
		};
		334E248124A5887000B30357 /* Teams */ = {
			isa = PBXGroup;
			children = (
				334E249324A58D0F00B30357 /* TeamsList.swift */,
				334E24A524A5995900B30357 /* TeamRow.swift */,
				334E24B224A59C4D00B30357 /* TeamView.swift */,
			);
			path = Teams;
			sourceTree = "<group>";
		};
		334E248224A5887600B30357 /* Pipelines */ = {
			isa = PBXGroup;
			children = (
				334E249024A58D0500B30357 /* PipelinesList.swift */,
				338A57D224A7D7DF00F80306 /* PipelineRow.swift */,
				33AC4D5424AC074400508156 /* PipelineView.swift */,
				33AC4D5A24AC075800508156 /* BuildView.swift */,
				33AC4D5D24AC076500508156 /* JobView.swift */,
			);
			path = Pipelines;
			sourceTree = "<group>";
		};
		334E248324A5887B00B30357 /* Components */ = {
			isa = PBXGroup;
			children = (
				334E249724A58D4C00B30357 /* BuildkiteIcon.swift */,
				334E249624A58D4C00B30357 /* BuildState.swift */,
				334E249924A58D4C00B30357 /* ConnectionState.swift */,
				33F251C924A833460049CB58 /* AsyncImage.swift */,
				332F766524AD293500A0D61C /* SearchField.swift */,
				33A1E96724AF737D00C3491D /* WebView.swift */,
			);
			path = Components;
			sourceTree = "<group>";
		};
		334E248424A5888200B30357 /* Styles */ = {
			isa = PBXGroup;
			children = (
			);
			path = Styles;
			sourceTree = "<group>";
		};
		334E248524A5888B00B30357 /* Widgets */ = {
			isa = PBXGroup;
			children = (
			);
			path = Widgets;
			sourceTree = "<group>";
		};
		334E248624A5890300B30357 /* Playgrounds */ = {
			isa = PBXGroup;
			children = (
				332F766824AD513400A0D61C /* Packages.playground */,
			);
			name = Playgrounds;
			path = Sources/Playgrounds;
			sourceTree = SOURCE_ROOT;
		};
		334E24A824A59B8300B30357 /* Previews */ = {
			isa = PBXGroup;
			children = (
				334E24A924A59B8300B30357 /* PreviewData.swift */,
				334E24AA24A59B8300B30357 /* Preview Assets.xcassets */,
			);
			path = Previews;
			sourceTree = "<group>";
		};
		334E24C524A6021500B30357 /* Users */ = {
			isa = PBXGroup;
			children = (
				334E24C624A6022800B30357 /* UsersList.swift */,
				334E24C924A6023100B30357 /* UserView.swift */,
			);
			path = Users;
			sourceTree = "<group>";
		};
		339F000024AFBEC300E37FC9 /* Mutations */ = {
			isa = PBXGroup;
			children = (
				334E24D224A602A300B30357 /* TeamUpdateMemberMutation.swift */,
				334E24D324A602A300B30357 /* TeamDeleteMemberMutation.swift */,
				334E24D424A602A300B30357 /* TeamCreateMemberMutation.swift */,
			);
			path = Mutations;
			sourceTree = "<group>";
		};
		339F000124AFBEC800E37FC9 /* GraphQL */ = {
			isa = PBXGroup;
			children = (
				339F000224AFBEEC00E37FC9 /* Fragments */,
				339FFFFF24AFBEBA00E37FC9 /* Queries */,
				339F000024AFBEC300E37FC9 /* Mutations */,
				334E24D524A602A300B30357 /* GraphQLQuery.swift */,
				339F000324AFBFB800E37FC9 /* Connection.swift */,
				339F000924AFC01400E37FC9 /* Fragment.swift */,
			);
			path = GraphQL;
			sourceTree = "<group>";
		};
		339F000224AFBEEC00E37FC9 /* Fragments */ = {
			isa = PBXGroup;
			children = (
				334E24CE24A602A300B30357 /* Organization+Fragment.swift */,
				334E24CD24A602A300B30357 /* Team+Fragment.swift */,
			);
			path = Fragments;
			sourceTree = "<group>";
		};
		339FFFF424AFBD7E00E37FC9 /* Settings */ = {
			isa = PBXGroup;
			children = (
				339FFFF524AFBD8900E37FC9 /* SettingsList.swift */,
				339FFFFE24AFBDBC00E37FC9 /* Changelog */,
			);
			path = Settings;
			sourceTree = "<group>";
		};
		339FFFFE24AFBDBC00E37FC9 /* Changelog */ = {
			isa = PBXGroup;
			children = (
				339FFFF824AFBDA700E37FC9 /* ChangelogList.swift */,
				339FFFFB24AFBDB800E37FC9 /* ChangelogView.swift */,
			);
			path = Changelog;
			sourceTree = "<group>";
		};
		339FFFFF24AFBEBA00E37FC9 /* Queries */ = {
			isa = PBXGroup;
			children = (
				334E24D024A602A300B30357 /* TeamGetQuery.swift */,
				334E24D124A602A300B30357 /* UsersSearchQuery.swift */,
				332F766A24AD58C500A0D61C /* PipelinesListQuery.swift */,
				33F82FC424AE05E1006DF51C /* BuildGetQuery.swift */,
			);
			path = Queries;
			sourceTree = "<group>";
		};
		33AAA7E324AFD55E0034CB75 /* iOSTests */ = {
			isa = PBXGroup;
			children = (
				33AAA7E424AFD55E0034CB75 /* iOSTests.swift */,
				33AAA7E624AFD55E0034CB75 /* Info.plist */,
			);
			name = iOSTests;
			path = Tests/iOSTests;
			sourceTree = SOURCE_ROOT;
		};
		33AAA7F124AFD5860034CB75 /* macOSTests */ = {
			isa = PBXGroup;
			children = (
				33AAA7F224AFD5860034CB75 /* macOSTests.swift */,
				33AAA7F424AFD5860034CB75 /* Info.plist */,
			);
			name = macOSTests;
			path = Tests/macOSTests;
			sourceTree = SOURCE_ROOT;
		};
		33C6EEE124AE56B900C57E1B /* xcconfigs */ = {
			isa = PBXGroup;
			children = (
				33E479D824AFD65B0083A7CA /* iOSTests-Debug.xcconfig */,
				33E479D724AFD65B0083A7CA /* iOSTests-Release.xcconfig */,
				33E479D324AFD65B0083A7CA /* iOSTests-Shared.xcconfig */,
				33E479D424AFD65B0083A7CA /* macOSTests-Debug.xcconfig */,
				33E479D624AFD65B0083A7CA /* macOSTests-Release.xcconfig */,
				33E479D524AFD65B0083A7CA /* macOSTests-Shared.xcconfig */,
				33C6EEE424AE56B900C57E1B /* iOS-Debug.xcconfig */,
				33C6EEE724AE56B900C57E1B /* iOS-Release.xcconfig */,
				33C6EEE824AE56B900C57E1B /* iOS-Shared.xcconfig */,
				33C6EEE624AE56B900C57E1B /* macOS-Debug.xcconfig */,
				33C6EEE224AE56B900C57E1B /* macOS-Release.xcconfig */,
				33C6EEE924AE56B900C57E1B /* macOS-Shared.xcconfig */,
				33C6EEEA24AE56B900C57E1B /* Project-Debug.xcconfig */,
				33C6EEE324AE56B900C57E1B /* Project-Release.xcconfig */,
				33C6EEE524AE56B900C57E1B /* Project-Shared.xcconfig */,
			);
			path = xcconfigs;
			sourceTree = SOURCE_ROOT;
		};
/* End PBXGroup section */

/* Begin PBXNativeTarget section */
		334E245A24A5875D00B30357 /* iOS */ = {
			isa = PBXNativeTarget;
			buildConfigurationList = 334E246F24A5875D00B30357 /* Build configuration list for PBXNativeTarget "iOS" */;
			buildPhases = (
				334E245724A5875D00B30357 /* Sources */,
				334E245824A5875D00B30357 /* Frameworks */,
				334E245924A5875D00B30357 /* Resources */,
			);
			buildRules = (
			);
			dependencies = (
			);
			name = iOS;
			packageProductDependencies = (
				334E247624A587C100B30357 /* Buildkite */,
			);
			productName = iOS;
			productReference = 334E245B24A5875D00B30357 /* BuildkiteApp.app */;
			productType = "com.apple.product-type.application";
		};
		334E246224A5875D00B30357 /* macOS */ = {
			isa = PBXNativeTarget;
			buildConfigurationList = 334E247224A5875D00B30357 /* Build configuration list for PBXNativeTarget "macOS" */;
			buildPhases = (
				334E245F24A5875D00B30357 /* Sources */,
				334E246024A5875D00B30357 /* Frameworks */,
				334E246124A5875D00B30357 /* Resources */,
			);
			buildRules = (
			);
			dependencies = (
			);
			name = macOS;
			packageProductDependencies = (
				334E247924A587CB00B30357 /* Buildkite */,
			);
			productName = macOS;
			productReference = 334E246324A5875D00B30357 /* BuildkiteApp.app */;
			productType = "com.apple.product-type.application";
		};
		33AAA7E124AFD55E0034CB75 /* iOSTests */ = {
			isa = PBXNativeTarget;
			buildConfigurationList = 33AAA7EB24AFD55E0034CB75 /* Build configuration list for PBXNativeTarget "iOSTests" */;
			buildPhases = (
				33AAA7DE24AFD55E0034CB75 /* Sources */,
				33AAA7DF24AFD55E0034CB75 /* Frameworks */,
				33AAA7E024AFD55E0034CB75 /* Resources */,
			);
			buildRules = (
			);
			dependencies = (
				33AAA7E824AFD55E0034CB75 /* PBXTargetDependency */,
			);
			name = iOSTests;
			productName = iOSTests;
			productReference = 33AAA7E224AFD55E0034CB75 /* iOSTests.xctest */;
			productType = "com.apple.product-type.bundle.unit-test";
		};
		33AAA7EF24AFD5860034CB75 /* macOSTests */ = {
			isa = PBXNativeTarget;
			buildConfigurationList = 33AAA7F724AFD5860034CB75 /* Build configuration list for PBXNativeTarget "macOSTests" */;
			buildPhases = (
				33AAA7EC24AFD5860034CB75 /* Sources */,
				33AAA7ED24AFD5860034CB75 /* Frameworks */,
				33AAA7EE24AFD5860034CB75 /* Resources */,
			);
			buildRules = (
			);
			dependencies = (
				33AAA7F624AFD5860034CB75 /* PBXTargetDependency */,
			);
			name = macOSTests;
			productName = macOSTests;
			productReference = 33AAA7F024AFD5860034CB75 /* macOSTests.xctest */;
			productType = "com.apple.product-type.bundle.unit-test";
		};
/* End PBXNativeTarget section */

/* Begin PBXProject section */
		334E244F24A5875C00B30357 /* Project object */ = {
			isa = PBXProject;
			attributes = {
				LastSwiftUpdateCheck = 1200;
				LastUpgradeCheck = 1200;
				TargetAttributes = {
					334E245A24A5875D00B30357 = {
						CreatedOnToolsVersion = 12.0;
					};
					334E246224A5875D00B30357 = {
						CreatedOnToolsVersion = 12.0;
					};
					33AAA7E124AFD55E0034CB75 = {
						CreatedOnToolsVersion = 12.0;
						TestTargetID = 334E245A24A5875D00B30357;
					};
					33AAA7EF24AFD5860034CB75 = {
						CreatedOnToolsVersion = 12.0;
						TestTargetID = 334E246224A5875D00B30357;
					};
				};
			};
			buildConfigurationList = 334E245224A5875C00B30357 /* Build configuration list for PBXProject "Buildkite" */;
			compatibilityVersion = "Xcode 9.3";
			developmentRegion = en;
			hasScannedForEncodings = 0;
			knownRegions = (
				en,
				Base,
			);
			mainGroup = 334E244E24A5875C00B30357;
			packageReferences = (
				334E247524A587C100B30357 /* XCRemoteSwiftPackageReference "buildkite-swift" */,
			);
			productRefGroup = 334E245C24A5875D00B30357 /* Products */;
			projectDirPath = "";
			projectRoot = "";
			targets = (
				334E245A24A5875D00B30357 /* iOS */,
				334E246224A5875D00B30357 /* macOS */,
				33AAA7E124AFD55E0034CB75 /* iOSTests */,
				33AAA7EF24AFD5860034CB75 /* macOSTests */,
			);
		};
/* End PBXProject section */

/* Begin PBXResourcesBuildPhase section */
		334E245924A5875D00B30357 /* Resources */ = {
			isa = PBXResourcesBuildPhase;
			buildActionMask = 2147483647;
			files = (
				334E246B24A5875D00B30357 /* Assets.xcassets in Resources */,
			);
			runOnlyForDeploymentPostprocessing = 0;
		};
		334E246124A5875D00B30357 /* Resources */ = {
			isa = PBXResourcesBuildPhase;
			buildActionMask = 2147483647;
			files = (
				334E246C24A5875D00B30357 /* Assets.xcassets in Resources */,
			);
			runOnlyForDeploymentPostprocessing = 0;
		};
		33AAA7E024AFD55E0034CB75 /* Resources */ = {
			isa = PBXResourcesBuildPhase;
			buildActionMask = 2147483647;
			files = (
			);
			runOnlyForDeploymentPostprocessing = 0;
		};
		33AAA7EE24AFD5860034CB75 /* Resources */ = {
			isa = PBXResourcesBuildPhase;
			buildActionMask = 2147483647;
			files = (
			);
			runOnlyForDeploymentPostprocessing = 0;
		};
/* End PBXResourcesBuildPhase section */

/* Begin PBXSourcesBuildPhase section */
		334E245724A5875D00B30357 /* Sources */ = {
			isa = PBXSourcesBuildPhase;
			buildActionMask = 2147483647;
			files = (
				334E24B624A5A32700B30357 /* AgentRow.swift in Sources */,
				33AC4D7224AC16E900508156 /* Job+Extensions.swift in Sources */,
				332F766B24AD58C500A0D61C /* PipelinesListQuery.swift in Sources */,
				339F000424AFBFB800E37FC9 /* Connection.swift in Sources */,
				334E24BE24A5A37D00B30357 /* Agent+Extensions.swift in Sources */,
				334E24D824A602A300B30357 /* Organization+Fragment.swift in Sources */,
				334E249424A58D0F00B30357 /* TeamsList.swift in Sources */,
				332F766624AD293500A0D61C /* SearchField.swift in Sources */,
				334E24B924A5A34300B30357 /* AgentView.swift in Sources */,
				338A57D324A7D7DF00F80306 /* PipelineRow.swift in Sources */,
				334E24D624A602A300B30357 /* Team+Fragment.swift in Sources */,
				334E246924A5875D00B30357 /* ContentView.swift in Sources */,
				334E24B324A59C4D00B30357 /* TeamView.swift in Sources */,
				339FFFF224AFBAD800E37FC9 /* NavigationItem.swift in Sources */,
				334E249C24A58D4C00B30357 /* BuildkiteIcon.swift in Sources */,
				334E24A624A5995900B30357 /* TeamRow.swift in Sources */,
				334E24AB24A59B8400B30357 /* PreviewData.swift in Sources */,
				334E24E024A602A300B30357 /* TeamDeleteMemberMutation.swift in Sources */,
				33AC4D5B24AC075800508156 /* BuildView.swift in Sources */,
				33F251C724A818D60049CB58 /* Emojis.swift in Sources */,
				339F000724AFBFE200E37FC9 /* HashableFromIdentifier.swift in Sources */,
				334E248E24A58CFB00B30357 /* AgentsList.swift in Sources */,
				33F251CA24A833460049CB58 /* AsyncImage.swift in Sources */,
				33AC4D5524AC074400508156 /* PipelineView.swift in Sources */,
				334E24CA24A6023100B30357 /* UserView.swift in Sources */,
				334E24C724A6022800B30357 /* UsersList.swift in Sources */,
				334E24DE24A602A300B30357 /* TeamUpdateMemberMutation.swift in Sources */,
				334E24DC24A602A300B30357 /* UsersSearchQuery.swift in Sources */,
				33AC4D5E24AC076500508156 /* JobView.swift in Sources */,
				334E24B024A59C3A00B30357 /* Formatters.swift in Sources */,
				339FFFFC24AFBDB800E37FC9 /* ChangelogView.swift in Sources */,
				334E249124A58D0500B30357 /* PipelinesList.swift in Sources */,
				33F82FC524AE05E1006DF51C /* BuildGetQuery.swift in Sources */,
				334E24A024A58D4C00B30357 /* ConnectionState.swift in Sources */,
				334E24E224A602A300B30357 /* TeamCreateMemberMutation.swift in Sources */,
				334E24C324A5A5ED00B30357 /* Team+Extensions.swift in Sources */,
				334E248824A589DC00B30357 /* BuildkiteService.swift in Sources */,
				334E246724A5875D00B30357 /* Application.swift in Sources */,
				334E24E424A602A300B30357 /* GraphQLQuery.swift in Sources */,
				33A1E96824AF737D00C3491D /* WebView.swift in Sources */,
				334E247D24A5884200B30357 /* AppSidebarNavigation.swift in Sources */,
				33AC4D6124AC086D00508156 /* env.swift in Sources */,
				339FFFF624AFBD8900E37FC9 /* SettingsList.swift in Sources */,
				334E249A24A58D4C00B30357 /* BuildState.swift in Sources */,
				334E248B24A58BE600B30357 /* AppTabNavigation.swift in Sources */,
				339F000A24AFC01400E37FC9 /* Fragment.swift in Sources */,
				339FFFF924AFBDA700E37FC9 /* ChangelogList.swift in Sources */,
				334E24DA24A602A300B30357 /* TeamGetQuery.swift in Sources */,
			);
			runOnlyForDeploymentPostprocessing = 0;
		};
		334E245F24A5875D00B30357 /* Sources */ = {
			isa = PBXSourcesBuildPhase;
			buildActionMask = 2147483647;
			files = (
				334E24B724A5A32700B30357 /* AgentRow.swift in Sources */,
				33AC4D7124AC16E900508156 /* Job+Extensions.swift in Sources */,
				332F766C24AD58C500A0D61C /* PipelinesListQuery.swift in Sources */,
				339F000524AFBFB800E37FC9 /* Connection.swift in Sources */,
				334E24BF24A5A37D00B30357 /* Agent+Extensions.swift in Sources */,
				334E24D924A602A300B30357 /* Organization+Fragment.swift in Sources */,
				334E249524A58D0F00B30357 /* TeamsList.swift in Sources */,
				332F766724AD293500A0D61C /* SearchField.swift in Sources */,
				334E24BA24A5A34300B30357 /* AgentView.swift in Sources */,
				338A57D424A7D7DF00F80306 /* PipelineRow.swift in Sources */,
				334E24D724A602A300B30357 /* Team+Fragment.swift in Sources */,
				334E246A24A5875D00B30357 /* ContentView.swift in Sources */,
				334E24B424A59C4D00B30357 /* TeamView.swift in Sources */,
				339FFFF324AFBAD800E37FC9 /* NavigationItem.swift in Sources */,
				334E249D24A58D4C00B30357 /* BuildkiteIcon.swift in Sources */,
				334E24A724A5995900B30357 /* TeamRow.swift in Sources */,
				334E24AC24A59B8400B30357 /* PreviewData.swift in Sources */,
				334E24E124A602A300B30357 /* TeamDeleteMemberMutation.swift in Sources */,
				33AC4D5C24AC075800508156 /* BuildView.swift in Sources */,
				33F251C824A818D60049CB58 /* Emojis.swift in Sources */,
				339F000824AFBFE200E37FC9 /* HashableFromIdentifier.swift in Sources */,
				334E248F24A58CFB00B30357 /* AgentsList.swift in Sources */,
				33F251CB24A833460049CB58 /* AsyncImage.swift in Sources */,
				33AC4D5624AC074400508156 /* PipelineView.swift in Sources */,
				334E24CB24A6023100B30357 /* UserView.swift in Sources */,
				334E24C824A6022800B30357 /* UsersList.swift in Sources */,
				334E24DF24A602A300B30357 /* TeamUpdateMemberMutation.swift in Sources */,
				334E24DD24A602A300B30357 /* UsersSearchQuery.swift in Sources */,
				33AC4D5F24AC076500508156 /* JobView.swift in Sources */,
				334E24B124A59C3A00B30357 /* Formatters.swift in Sources */,
				339FFFFD24AFBDB800E37FC9 /* ChangelogView.swift in Sources */,
				334E249224A58D0500B30357 /* PipelinesList.swift in Sources */,
				33F82FC624AE05E1006DF51C /* BuildGetQuery.swift in Sources */,
				334E24A124A58D4C00B30357 /* ConnectionState.swift in Sources */,
				334E24E324A602A300B30357 /* TeamCreateMemberMutation.swift in Sources */,
				334E24C424A5A5ED00B30357 /* Team+Extensions.swift in Sources */,
				334E248924A589DC00B30357 /* BuildkiteService.swift in Sources */,
				334E246824A5875D00B30357 /* Application.swift in Sources */,
				334E24E524A602A300B30357 /* GraphQLQuery.swift in Sources */,
				33A1E96924AF737D00C3491D /* WebView.swift in Sources */,
				334E247E24A5884200B30357 /* AppSidebarNavigation.swift in Sources */,
				33AC4D6224AC086D00508156 /* env.swift in Sources */,
				339FFFF724AFBD8900E37FC9 /* SettingsList.swift in Sources */,
				334E249B24A58D4C00B30357 /* BuildState.swift in Sources */,
				334E248C24A58BE600B30357 /* AppTabNavigation.swift in Sources */,
				339F000B24AFC01400E37FC9 /* Fragment.swift in Sources */,
				339FFFFA24AFBDA700E37FC9 /* ChangelogList.swift in Sources */,
				334E24DB24A602A300B30357 /* TeamGetQuery.swift in Sources */,
			);
			runOnlyForDeploymentPostprocessing = 0;
		};
		33AAA7DE24AFD55E0034CB75 /* Sources */ = {
			isa = PBXSourcesBuildPhase;
			buildActionMask = 2147483647;
			files = (
				33AAA7E524AFD55E0034CB75 /* iOSTests.swift in Sources */,
			);
			runOnlyForDeploymentPostprocessing = 0;
		};
		33AAA7EC24AFD5860034CB75 /* Sources */ = {
			isa = PBXSourcesBuildPhase;
			buildActionMask = 2147483647;
			files = (
				33AAA7F324AFD5860034CB75 /* macOSTests.swift in Sources */,
			);
			runOnlyForDeploymentPostprocessing = 0;
		};
/* End PBXSourcesBuildPhase section */

/* Begin PBXTargetDependency section */
		33AAA7E824AFD55E0034CB75 /* PBXTargetDependency */ = {
			isa = PBXTargetDependency;
			target = 334E245A24A5875D00B30357 /* iOS */;
			targetProxy = 33AAA7E724AFD55E0034CB75 /* PBXContainerItemProxy */;
		};
		33AAA7F624AFD5860034CB75 /* PBXTargetDependency */ = {
			isa = PBXTargetDependency;
			target = 334E246224A5875D00B30357 /* macOS */;
			targetProxy = 33AAA7F524AFD5860034CB75 /* PBXContainerItemProxy */;
		};
/* End PBXTargetDependency section */

/* Begin XCBuildConfiguration section */
		334E246D24A5875D00B30357 /* Debug */ = {
			isa = XCBuildConfiguration;
			baseConfigurationReference = 33C6EEEA24AE56B900C57E1B /* Project-Debug.xcconfig */;
			buildSettings = {
			};
			name = Debug;
		};
		334E246E24A5875D00B30357 /* Release */ = {
			isa = XCBuildConfiguration;
			baseConfigurationReference = 33C6EEE324AE56B900C57E1B /* Project-Release.xcconfig */;
			buildSettings = {
			};
			name = Release;
		};
		334E247024A5875D00B30357 /* Debug */ = {
			isa = XCBuildConfiguration;
			baseConfigurationReference = 33C6EEE424AE56B900C57E1B /* iOS-Debug.xcconfig */;
			buildSettings = {
			};
			name = Debug;
		};
		334E247124A5875D00B30357 /* Release */ = {
			isa = XCBuildConfiguration;
			baseConfigurationReference = 33C6EEE724AE56B900C57E1B /* iOS-Release.xcconfig */;
			buildSettings = {
			};
			name = Release;
		};
		334E247324A5875D00B30357 /* Debug */ = {
			isa = XCBuildConfiguration;
			baseConfigurationReference = 33C6EEE624AE56B900C57E1B /* macOS-Debug.xcconfig */;
			buildSettings = {
			};
			name = Debug;
		};
		334E247424A5875D00B30357 /* Release */ = {
			isa = XCBuildConfiguration;
			baseConfigurationReference = 33C6EEE224AE56B900C57E1B /* macOS-Release.xcconfig */;
			buildSettings = {
			};
			name = Release;
		};
		33AAA7E924AFD55E0034CB75 /* Debug */ = {
			isa = XCBuildConfiguration;
			baseConfigurationReference = 33E479D824AFD65B0083A7CA /* iOSTests-Debug.xcconfig */;
			buildSettings = {
			};
			name = Debug;
		};
		33AAA7EA24AFD55E0034CB75 /* Release */ = {
			isa = XCBuildConfiguration;
			baseConfigurationReference = 33E479D724AFD65B0083A7CA /* iOSTests-Release.xcconfig */;
			buildSettings = {
			};
			name = Release;
		};
		33AAA7F824AFD5860034CB75 /* Debug */ = {
			isa = XCBuildConfiguration;
			baseConfigurationReference = 33E479D424AFD65B0083A7CA /* macOSTests-Debug.xcconfig */;
			buildSettings = {
			};
			name = Debug;
		};
		33AAA7F924AFD5860034CB75 /* Release */ = {
			isa = XCBuildConfiguration;
			baseConfigurationReference = 33E479D624AFD65B0083A7CA /* macOSTests-Release.xcconfig */;
			buildSettings = {
			};
			name = Release;
		};
/* End XCBuildConfiguration section */

/* Begin XCConfigurationList section */
		334E245224A5875C00B30357 /* Build configuration list for PBXProject "Buildkite" */ = {
			isa = XCConfigurationList;
			buildConfigurations = (
				334E246D24A5875D00B30357 /* Debug */,
				334E246E24A5875D00B30357 /* Release */,
			);
			defaultConfigurationIsVisible = 0;
			defaultConfigurationName = Release;
		};
		334E246F24A5875D00B30357 /* Build configuration list for PBXNativeTarget "iOS" */ = {
			isa = XCConfigurationList;
			buildConfigurations = (
				334E247024A5875D00B30357 /* Debug */,
				334E247124A5875D00B30357 /* Release */,
			);
			defaultConfigurationIsVisible = 0;
			defaultConfigurationName = Release;
		};
		334E247224A5875D00B30357 /* Build configuration list for PBXNativeTarget "macOS" */ = {
			isa = XCConfigurationList;
			buildConfigurations = (
				334E247324A5875D00B30357 /* Debug */,
				334E247424A5875D00B30357 /* Release */,
			);
			defaultConfigurationIsVisible = 0;
			defaultConfigurationName = Release;
		};
		33AAA7EB24AFD55E0034CB75 /* Build configuration list for PBXNativeTarget "iOSTests" */ = {
			isa = XCConfigurationList;
			buildConfigurations = (
				33AAA7E924AFD55E0034CB75 /* Debug */,
				33AAA7EA24AFD55E0034CB75 /* Release */,
			);
			defaultConfigurationIsVisible = 0;
			defaultConfigurationName = Release;
		};
		33AAA7F724AFD5860034CB75 /* Build configuration list for PBXNativeTarget "macOSTests" */ = {
			isa = XCConfigurationList;
			buildConfigurations = (
				33AAA7F824AFD5860034CB75 /* Debug */,
				33AAA7F924AFD5860034CB75 /* Release */,
			);
			defaultConfigurationIsVisible = 0;
			defaultConfigurationName = Release;
		};
/* End XCConfigurationList section */

/* Begin XCRemoteSwiftPackageReference section */
		334E247524A587C100B30357 /* XCRemoteSwiftPackageReference "buildkite-swift" */ = {
			isa = XCRemoteSwiftPackageReference;
			repositoryURL = "https://github.com/aaronsky/buildkite-swift.git";
			requirement = {
				branch = master;
				kind = branch;
			};
		};
/* End XCRemoteSwiftPackageReference section */

/* Begin XCSwiftPackageProductDependency section */
		334E247624A587C100B30357 /* Buildkite */ = {
			isa = XCSwiftPackageProductDependency;
			package = 334E247524A587C100B30357 /* XCRemoteSwiftPackageReference "buildkite-swift" */;
			productName = Buildkite;
		};
		334E247924A587CB00B30357 /* Buildkite */ = {
			isa = XCSwiftPackageProductDependency;
			package = 334E247524A587C100B30357 /* XCRemoteSwiftPackageReference "buildkite-swift" */;
			productName = Buildkite;
		};
/* End XCSwiftPackageProductDependency section */
	};
	rootObject = 334E244F24A5875C00B30357 /* Project object */;
}
