{
  "object": {
    "pins": [
      {
        "package": "Buildkite",
        "repositoryURL": "https://github.com/aaronsky/buildkite-swift.git",
        "state": {
          "branch": "master",
          "revision": "ea5f50b12d2dab4febb12685d83b84aceaabb27d",
          "version": null
        }
      }
    ]
  },
  "version": 1
}
