{
  "object": {
    "pins": [
      {
        "package": "Buildkite",
        "repositoryURL": "https://github.com/aaronsky/buildkite-swift.git",
        "state": {
          "branch": "master",
          "revision": "c2916a18770c93b9986fbebc5c7bec59cb63eac2",
          "version": null
        }
      }
    ]
  },
  "version": 1
}
