{
  "object": {
    "pins": [
      {
        "package": "Buildkite",
        "repositoryURL": "https://github.com/aaronsky/buildkite-swift.git",
        "state": {
          "branch": "master",
          "revision": "964aa5976f2b05cfd00c8c77ccb7ebf21f3e798e",
          "version": null
        }
      }
    ]
  },
  "version": 1
}
